Microsoft Visual Studio Solution File, Format Version 11.00
# Visual Studio 2010
Project("{E097FAD1-6243-4DAD-9C02-E9B9EFC3FFC1}") = "Assembly-CSharp", "Assembly-CSharp.csproj", "{94AA9DB1-C659-0907-DC45-ED993A723C04}"
EndProject
Project("{E097FAD1-6243-4DAD-9C02-E9B9EFC3FFC1}") = "Assembly-CSharp-Editor", "Assembly-CSharp-Editor.csproj", "{02D721DD-6E65-54DA-1725-ADD679093B76}"
EndProject
Project("{E097FAD1-6243-4DAD-9C02-E9B9EFC3FFC1}") = "Assembly-CSharp-Editor-firstpass", "Assembly-CSharp-Editor-firstpass.csproj", "{7E002B54-03D7-3D52-8833-EC3D77229C48}"
EndProject
Global
	GlobalSection(SolutionConfigurationPlatforms) = preSolution
		Debug|Any CPU = Debug|Any CPU
		Release|Any CPU = Release|Any CPU
	EndGlobalSection
	GlobalSection(ProjectConfigurationPlatforms) = postSolution
		{94AA9DB1-C659-0907-DC45-ED993A723C04}.Debug|Any CPU.ActiveCfg = Debug|Any CPU
		{94AA9DB1-C659-0907-DC45-ED993A723C04}.Debug|Any CPU.Build.0 = Debug|Any CPU
		{94AA9DB1-C659-0907-DC45-ED993A723C04}.Release|Any CPU.ActiveCfg = Release|Any CPU
		{94AA9DB1-C659-0907-DC45-ED993A723C04}.Release|Any CPU.Build.0 = Release|Any CPU
		{02D721DD-6E65-54DA-1725-ADD679093B76}.Debug|Any CPU.ActiveCfg = Debug|Any CPU
		{02D721DD-6E65-54DA-1725-ADD679093B76}.Debug|Any CPU.Build.0 = Debug|Any CPU
		{02D721DD-6E65-54DA-1725-ADD679093B76}.Release|Any CPU.ActiveCfg = Release|Any CPU
		{02D721DD-6E65-54DA-1725-ADD679093B76}.Release|Any CPU.Build.0 = Release|Any CPU
		{7E002B54-03D7-3D52-8833-EC3D77229C48}.Debug|Any CPU.ActiveCfg = Debug|Any CPU
		{7E002B54-03D7-3D52-8833-EC3D77229C48}.Debug|Any CPU.Build.0 = Debug|Any CPU
		{7E002B54-03D7-3D52-8833-EC3D77229C48}.Release|Any CPU.ActiveCfg = Release|Any CPU
		{7E002B54-03D7-3D52-8833-EC3D77229C48}.Release|Any CPU.Build.0 = Release|Any CPU
	EndGlobalSection
	GlobalSection(SolutionProperties) = preSolution
		HideSolutionNode = FALSE
	EndGlobalSection
	GlobalSection(MonoDevelopProperties) = preSolution
		StartupItem = Assembly-CSharp.csproj
	EndGlobalSection
EndGlobal
